// !$*UTF8*$!
{
	archiveVersion = 1;
	classes = {
	};
	objectVersion = 56;
	objects = {

/* Begin PBXBuildFile section */
		E183DD90295CE5A7003EAFCE /* forest_roguelikeApp.swift in Sources */ = {isa = PBXBuildFile; fileRef = E183DD8F295CE5A7003EAFCE /* forest_roguelikeApp.swift */; };
		E183DD92295CE5A7003EAFCE /* ContentView.swift in Sources */ = {isa = PBXBuildFile; fileRef = E183DD91295CE5A7003EAFCE /* ContentView.swift */; };
		E183DD94295CE5A8003EAFCE /* Assets.xcassets in Resources */ = {isa = PBXBuildFile; fileRef = E183DD93295CE5A8003EAFCE /* Assets.xcassets */; };
		E183DD97295CE5A8003EAFCE /* Preview Assets.xcassets in Resources */ = {isa = PBXBuildFile; fileRef = E183DD96295CE5A8003EAFCE /* Preview Assets.xcassets */; };
		E183DD99295CE5A8003EAFCE /* Persistence.swift in Sources */ = {isa = PBXBuildFile; fileRef = E183DD98295CE5A8003EAFCE /* Persistence.swift */; };
		E183DD9C295CE5A8003EAFCE /* forest_roguelike.xcdatamodeld in Sources */ = {isa = PBXBuildFile; fileRef = E183DD9A295CE5A8003EAFCE /* forest_roguelike.xcdatamodeld */; };
/* End PBXBuildFile section */

/* Begin PBXFileReference section */
		E183DD8C295CE5A7003EAFCE /* forest-roguelike.app */ = {isa = PBXFileReference; explicitFileType = wrapper.application; includeInIndex = 0; path = "forest-roguelike.app"; sourceTree = BUILT_PRODUCTS_DIR; };
		E183DD8F295CE5A7003EAFCE /* forest_roguelikeApp.swift */ = {isa = PBXFileReference; lastKnownFileType = sourcecode.swift; path = forest_roguelikeApp.swift; sourceTree = "<group>"; };
		E183DD91295CE5A7003EAFCE /* ContentView.swift */ = {isa = PBXFileReference; lastKnownFileType = sourcecode.swift; path = ContentView.swift; sourceTree = "<group>"; };
		E183DD93295CE5A8003EAFCE /* Assets.xcassets */ = {isa = PBXFileReference; lastKnownFileType = folder.assetcatalog; path = Assets.xcassets; sourceTree = "<group>"; };
		E183DD96295CE5A8003EAFCE /* Preview Assets.xcassets */ = {isa = PBXFileReference; lastKnownFileType = folder.assetcatalog; path = "Preview Assets.xcassets"; sourceTree = "<group>"; };
		E183DD98295CE5A8003EAFCE /* Persistence.swift */ = {isa = PBXFileReference; lastKnownFileType = sourcecode.swift; path = Persistence.swift; sourceTree = "<group>"; };
		E183DD9B295CE5A8003EAFCE /* forest_roguelike.xcdatamodel */ = {isa = PBXFileReference; lastKnownFileType = wrapper.xcdatamodel; path = forest_roguelike.xcdatamodel; sourceTree = "<group>"; };
/* End PBXFileReference section */

/* Begin PBXFrameworksBuildPhase section */
		E183DD89295CE5A7003EAFCE /* Frameworks */ = {
			isa = PBXFrameworksBuildPhase;
			buildActionMask = 2147483647;
			files = (
			);
			runOnlyForDeploymentPostprocessing = 0;
		};
/* End PBXFrameworksBuildPhase section */

/* Begin PBXGroup section */
		E183DD83295CE5A7003EAFCE = {
			isa = PBXGroup;
			children = (
				E183DD8E295CE5A7003EAFCE /* forest-roguelike */,
				E183DD8D295CE5A7003EAFCE /* Products */,
			);
			sourceTree = "<group>";
		};
		E183DD8D295CE5A7003EAFCE /* Products */ = {
			isa = PBXGroup;
			children = (
				E183DD8C295CE5A7003EAFCE /* forest-roguelike.app */,
			);
			name = Products;
			sourceTree = "<group>";
		};
		E183DD8E295CE5A7003EAFCE /* forest-roguelike */ = {
			isa = PBXGroup;
			children = (
				E183DD8F295CE5A7003EAFCE /* forest_roguelikeApp.swift */,
				E183DD91295CE5A7003EAFCE /* ContentView.swift */,
				E183DD93295CE5A8003EAFCE /* Assets.xcassets */,
				E183DD98295CE5A8003EAFCE /* Persistence.swift */,
				E183DD9A295CE5A8003EAFCE /* forest_roguelike.xcdatamodeld */,
				E183DD95295CE5A8003EAFCE /* Preview Content */,
			);
			path = "forest-roguelike";
			sourceTree = "<group>";
		};
		E183DD95295CE5A8003EAFCE /* Preview Content */ = {
			isa = PBXGroup;
			children = (
				E183DD96295CE5A8003EAFCE /* Preview Assets.xcassets */,
			);
			path = "Preview Content";
			sourceTree = "<group>";
		};
/* End PBXGroup section */

/* Begin PBXNativeTarget section */
		E183DD8B295CE5A7003EAFCE /* forest-roguelike */ = {
			isa = PBXNativeTarget;
			buildConfigurationList = E183DD9F295CE5A8003EAFCE /* Build configuration list for PBXNativeTarget "forest-roguelike" */;
			buildPhases = (
				E183DD88295CE5A7003EAFCE /* Sources */,
				E183DD89295CE5A7003EAFCE /* Frameworks */,
				E183DD8A295CE5A7003EAFCE /* Resources */,
			);
			buildRules = (
			);
			dependencies = (
			);
			name = "forest-roguelike";
			productName = "forest-roguelike";
			productReference = E183DD8C295CE5A7003EAFCE /* forest-roguelike.app */;
			productType = "com.apple.product-type.application";
		};
/* End PBXNativeTarget section */

/* Begin PBXProject section */
		E183DD84295CE5A7003EAFCE /* Project object */ = {
			isa = PBXProject;
			attributes = {
				BuildIndependentTargetsInParallel = 1;
				LastSwiftUpdateCheck = 1420;
				LastUpgradeCheck = 1420;
				TargetAttributes = {
					E183DD8B295CE5A7003EAFCE = {
						CreatedOnToolsVersion = 14.2;
					};
				};
			};
			buildConfigurationList = E183DD87295CE5A7003EAFCE /* Build configuration list for PBXProject "forest-roguelike" */;
			compatibilityVersion = "Xcode 14.0";
			developmentRegion = en;
			hasScannedForEncodings = 0;
			knownRegions = (
				en,
				Base,
			);
			mainGroup = E183DD83295CE5A7003EAFCE;
			productRefGroup = E183DD8D295CE5A7003EAFCE /* Products */;
			projectDirPath = "";
			projectRoot = "";
			targets = (
				E183DD8B295CE5A7003EAFCE /* forest-roguelike */,
			);
		};
/* End PBXProject section */

/* Begin PBXResourcesBuildPhase section */
		E183DD8A295CE5A7003EAFCE /* Resources */ = {
			isa = PBXResourcesBuildPhase;
			buildActionMask = 2147483647;
			files = (
				E183DD97295CE5A8003EAFCE /* Preview Assets.xcassets in Resources */,
				E183DD94295CE5A8003EAFCE /* Assets.xcassets in Resources */,
			);
			runOnlyForDeploymentPostprocessing = 0;
		};
/* End PBXResourcesBuildPhase section */

/* Begin PBXSourcesBuildPhase section */
		E183DD88295CE5A7003EAFCE /* Sources */ = {
			isa = PBXSourcesBuildPhase;
			buildActionMask = 2147483647;
			files = (
				E183DD99295CE5A8003EAFCE /* Persistence.swift in Sources */,
				E183DD92295CE5A7003EAFCE /* ContentView.swift in Sources */,
				E183DD9C295CE5A8003EAFCE /* forest_roguelike.xcdatamodeld in Sources */,
				E183DD90295CE5A7003EAFCE /* forest_roguelikeApp.swift in Sources */,
			);
			runOnlyForDeploymentPostprocessing = 0;
		};
/* End PBXSourcesBuildPhase section */

/* Begin XCBuildConfiguration section */
		E183DD9D295CE5A8003EAFCE /* Debug */ = {
			isa = XCBuildConfiguration;
			buildSettings = {
				ALWAYS_SEARCH_USER_PATHS = NO;
				CLANG_ANALYZER_NONNULL = YES;
				CLANG_ANALYZER_NUMBER_OBJECT_CONVERSION = YES_AGGRESSIVE;
				CLANG_CXX_LANGUAGE_STANDARD = "gnu++20";
				CLANG_ENABLE_MODULES = YES;
				CLANG_ENABLE_OBJC_ARC = YES;
				CLANG_ENABLE_OBJC_WEAK = YES;
				CLANG_WARN_BLOCK_CAPTURE_AUTORELEASING = YES;
				CLANG_WARN_BOOL_CONVERSION = YES;
				CLANG_WARN_COMMA = YES;
				CLANG_WARN_CONSTANT_CONVERSION = YES;
				CLANG_WARN_DEPRECATED_OBJC_IMPLEMENTATIONS = YES;
				CLANG_WARN_DIRECT_OBJC_ISA_USAGE = YES_ERROR;
				CLANG_WARN_DOCUMENTATION_COMMENTS = YES;
				CLANG_WARN_EMPTY_BODY = YES;
				CLANG_WARN_ENUM_CONVERSION = YES;
				CLANG_WARN_INFINITE_RECURSION = YES;
				CLANG_WARN_INT_CONVERSION = YES;
				CLANG_WARN_NON_LITERAL_NULL_CONVERSION = YES;
				CLANG_WARN_OBJC_IMPLICIT_RETAIN_SELF = YES;
				CLANG_WARN_OBJC_LITERAL_CONVERSION = YES;
				CLANG_WARN_OBJC_ROOT_CLASS = YES_ERROR;
				CLANG_WARN_QUOTED_INCLUDE_IN_FRAMEWORK_HEADER = YES;
				CLANG_WARN_RANGE_LOOP_ANALYSIS = YES;
				CLANG_WARN_STRICT_PROTOTYPES = YES;
				CLANG_WARN_SUSPICIOUS_MOVE = YES;
				CLANG_WARN_UNGUARDED_AVAILABILITY = YES_AGGRESSIVE;
				CLANG_WARN_UNREACHABLE_CODE = YES;
				CLANG_WARN__DUPLICATE_METHOD_MATCH = YES;
				COPY_PHASE_STRIP = NO;
				DEBUG_INFORMATION_FORMAT = dwarf;
				ENABLE_STRICT_OBJC_MSGSEND = YES;
				ENABLE_TESTABILITY = YES;
				GCC_C_LANGUAGE_STANDARD = gnu11;
				GCC_DYNAMIC_NO_PIC = NO;
				GCC_NO_COMMON_BLOCKS = YES;
				GCC_OPTIMIZATION_LEVEL = 0;
				GCC_PREPROCESSOR_DEFINITIONS = (
					"DEBUG=1",
					"$(inherited)",
				);
				GCC_WARN_64_TO_32_BIT_CONVERSION = YES;
				GCC_WARN_ABOUT_RETURN_TYPE = YES_ERROR;
				GCC_WARN_UNDECLARED_SELECTOR = YES;
				GCC_WARN_UNINITIALIZED_AUTOS = YES_AGGRESSIVE;
				GCC_WARN_UNUSED_FUNCTION = YES;
				GCC_WARN_UNUSED_VARIABLE = YES;
				IPHONEOS_DEPLOYMENT_TARGET = 16.2;
				MTL_ENABLE_DEBUG_INFO = INCLUDE_SOURCE;
				MTL_FAST_MATH = YES;
				ONLY_ACTIVE_ARCH = YES;
				SDKROOT = iphoneos;
				SWIFT_ACTIVE_COMPILATION_CONDITIONS = DEBUG;
				SWIFT_OPTIMIZATION_LEVEL = "-Onone";
			};
			name = Debug;
		};
		E183DD9E295CE5A8003EAFCE /* Release */ = {
			isa = XCBuildConfiguration;
			buildSettings = {
				ALWAYS_SEARCH_USER_PATHS = NO;
				CLANG_ANALYZER_NONNULL = YES;
				CLANG_ANALYZER_NUMBER_OBJECT_CONVERSION = YES_AGGRESSIVE;
				CLANG_CXX_LANGUAGE_STANDARD = "gnu++20";
				CLANG_ENABLE_MODULES = YES;
				CLANG_ENABLE_OBJC_ARC = YES;
				CLANG_ENABLE_OBJC_WEAK = YES;
				CLANG_WARN_BLOCK_CAPTURE_AUTORELEASING = YES;
				CLANG_WARN_BOOL_CONVERSION = YES;
				CLANG_WARN_COMMA = YES;
				CLANG_WARN_CONSTANT_CONVERSION = YES;
				CLANG_WARN_DEPRECATED_OBJC_IMPLEMENTATIONS = YES;
				CLANG_WARN_DIRECT_OBJC_ISA_USAGE = YES_ERROR;
				CLANG_WARN_DOCUMENTATION_COMMENTS = YES;
				CLANG_WARN_EMPTY_BODY = YES;
				CLANG_WARN_ENUM_CONVERSION = YES;
				CLANG_WARN_INFINITE_RECURSION = YES;
				CLANG_WARN_INT_CONVERSION = YES;
				CLANG_WARN_NON_LITERAL_NULL_CONVERSION = YES;
				CLANG_WARN_OBJC_IMPLICIT_RETAIN_SELF = YES;
				CLANG_WARN_OBJC_LITERAL_CONVERSION = YES;
				CLANG_WARN_OBJC_ROOT_CLASS = YES_ERROR;
				CLANG_WARN_QUOTED_INCLUDE_IN_FRAMEWORK_HEADER = YES;
				CLANG_WARN_RANGE_LOOP_ANALYSIS = YES;
				CLANG_WARN_STRICT_PROTOTYPES = YES;
				CLANG_WARN_SUSPICIOUS_MOVE = YES;
				CLANG_WARN_UNGUARDED_AVAILABILITY = YES_AGGRESSIVE;
				CLANG_WARN_UNREACHABLE_CODE = YES;
				CLANG_WARN__DUPLICATE_METHOD_MATCH = YES;
				COPY_PHASE_STRIP = NO;
				DEBUG_INFORMATION_FORMAT = "dwarf-with-dsym";
				ENABLE_NS_ASSERTIONS = NO;
				ENABLE_STRICT_OBJC_MSGSEND = YES;
				GCC_C_LANGUAGE_STANDARD = gnu11;
				GCC_NO_COMMON_BLOCKS = YES;
				GCC_WARN_64_TO_32_BIT_CONVERSION = YES;
				GCC_WARN_ABOUT_RETURN_TYPE = YES_ERROR;
				GCC_WARN_UNDECLARED_SELECTOR = YES;
				GCC_WARN_UNINITIALIZED_AUTOS = YES_AGGRESSIVE;
				GCC_WARN_UNUSED_FUNCTION = YES;
				GCC_WARN_UNUSED_VARIABLE = YES;
				IPHONEOS_DEPLOYMENT_TARGET = 16.2;
				MTL_ENABLE_DEBUG_INFO = NO;
				MTL_FAST_MATH = YES;
				SDKROOT = iphoneos;
				SWIFT_COMPILATION_MODE = wholemodule;
				SWIFT_OPTIMIZATION_LEVEL = "-O";
				VALIDATE_PRODUCT = YES;
			};
			name = Release;
		};
		E183DDA0295CE5A8003EAFCE /* Debug */ = {
			isa = XCBuildConfiguration;
			buildSettings = {
				ASSETCATALOG_COMPILER_APPICON_NAME = AppIcon;
				ASSETCATALOG_COMPILER_GLOBAL_ACCENT_COLOR_NAME = AccentColor;
				CODE_SIGN_STYLE = Automatic;
				CURRENT_PROJECT_VERSION = 1;
				DEVELOPMENT_ASSET_PATHS = "\"forest-roguelike/Preview Content\"";
				DEVELOPMENT_TEAM = LBCRF4Q4ZD;
				ENABLE_PREVIEWS = YES;
				GENERATE_INFOPLIST_FILE = YES;
				INFOPLIST_KEY_UIApplicationSceneManifest_Generation = YES;
				INFOPLIST_KEY_UIApplicationSupportsIndirectInputEvents = YES;
				INFOPLIST_KEY_UILaunchScreen_Generation = YES;
				INFOPLIST_KEY_UISupportedInterfaceOrientations_iPad = "UIInterfaceOrientationPortrait UIInterfaceOrientationPortraitUpsideDown UIInterfaceOrientationLandscapeLeft UIInterfaceOrientationLandscapeRight";
				INFOPLIST_KEY_UISupportedInterfaceOrientations_iPhone = "UIInterfaceOrientationPortrait UIInterfaceOrientationLandscapeLeft UIInterfaceOrientationLandscapeRight";
				LD_RUNPATH_SEARCH_PATHS = (
					"$(inherited)",
					"@executable_path/Frameworks",
				);
				MARKETING_VERSION = 1.0;
				PRODUCT_BUNDLE_IDENTIFIER = "com.murvoth.forest-roguelike";
				PRODUCT_NAME = "$(TARGET_NAME)";
				SWIFT_EMIT_LOC_STRINGS = YES;
				SWIFT_VERSION = 5.0;
				TARGETED_DEVICE_FAMILY = "1,2";
			};
			name = Debug;
		};
		E183DDA1295CE5A8003EAFCE /* Release */ = {
			isa = XCBuildConfiguration;
			buildSettings = {
				ASSETCATALOG_COMPILER_APPICON_NAME = AppIcon;
				ASSETCATALOG_COMPILER_GLOBAL_ACCENT_COLOR_NAME = AccentColor;
				CODE_SIGN_STYLE = Automatic;
				CURRENT_PROJECT_VERSION = 1;
				DEVELOPMENT_ASSET_PATHS = "\"forest-roguelike/Preview Content\"";
				DEVELOPMENT_TEAM = LBCRF4Q4ZD;
				ENABLE_PREVIEWS = YES;
				GENERATE_INFOPLIST_FILE = YES;
				INFOPLIST_KEY_UIApplicationSceneManifest_Generation = YES;
				INFOPLIST_KEY_UIApplicationSupportsIndirectInputEvents = YES;
				INFOPLIST_KEY_UILaunchScreen_Generation = YES;
				INFOPLIST_KEY_UISupportedInterfaceOrientations_iPad = "UIInterfaceOrientationPortrait UIInterfaceOrientationPortraitUpsideDown UIInterfaceOrientationLandscapeLeft UIInterfaceOrientationLandscapeRight";
				INFOPLIST_KEY_UISupportedInterfaceOrientations_iPhone = "UIInterfaceOrientationPortrait UIInterfaceOrientationLandscapeLeft UIInterfaceOrientationLandscapeRight";
				LD_RUNPATH_SEARCH_PATHS = (
					"$(inherited)",
					"@executable_path/Frameworks",
				);
				MARKETING_VERSION = 1.0;
				PRODUCT_BUNDLE_IDENTIFIER = "com.murvoth.forest-roguelike";
				PRODUCT_NAME = "$(TARGET_NAME)";
				SWIFT_EMIT_LOC_STRINGS = YES;
				SWIFT_VERSION = 5.0;
				TARGETED_DEVICE_FAMILY = "1,2";
			};
			name = Release;
		};
/* End XCBuildConfiguration section */

/* Begin XCConfigurationList section */
		E183DD87295CE5A7003EAFCE /* Build configuration list for PBXProject "forest-roguelike" */ = {
			isa = XCConfigurationList;
			buildConfigurations = (
				E183DD9D295CE5A8003EAFCE /* Debug */,
				E183DD9E295CE5A8003EAFCE /* Release */,
			);
			defaultConfigurationIsVisible = 0;
			defaultConfigurationName = Release;
		};
		E183DD9F295CE5A8003EAFCE /* Build configuration list for PBXNativeTarget "forest-roguelike" */ = {
			isa = XCConfigurationList;
			buildConfigurations = (
				E183DDA0295CE5A8003EAFCE /* Debug */,
				E183DDA1295CE5A8003EAFCE /* Release */,
			);
			defaultConfigurationIsVisible = 0;
			defaultConfigurationName = Release;
		};
/* End XCConfigurationList section */

/* Begin XCVersionGroup section */
		E183DD9A295CE5A8003EAFCE /* forest_roguelike.xcdatamodeld */ = {
			isa = XCVersionGroup;
			children = (
				E183DD9B295CE5A8003EAFCE /* forest_roguelike.xcdatamodel */,
			);
			currentVersion = E183DD9B295CE5A8003EAFCE /* forest_roguelike.xcdatamodel */;
			path = forest_roguelike.xcdatamodeld;
			sourceTree = "<group>";
			versionGroupType = wrapper.xcdatamodel;
		};
/* End XCVersionGroup section */
	};
	rootObject = E183DD84295CE5A7003EAFCE /* Project object */;
}
